// !$*UTF8*$!
{
	archiveVersion = 1;
	classes = {
	};
	objectVersion = 46;
	objects = {

/* Begin PBXBuildFile section */
		9EB276A41E9D147000BA70EE /* AppDelegate.swift in Sources */ = {isa = PBXBuildFile; fileRef = 9EB276A31E9D147000BA70EE /* AppDelegate.swift */; };
		9EB276A61E9D147000BA70EE /* ViewController.swift in Sources */ = {isa = PBXBuildFile; fileRef = 9EB276A51E9D147000BA70EE /* ViewController.swift */; };
		9EB276A91E9D147000BA70EE /* Main.storyboard in Resources */ = {isa = PBXBuildFile; fileRef = 9EB276A71E9D147000BA70EE /* Main.storyboard */; };
		9EB276AB1E9D147000BA70EE /* Assets.xcassets in Resources */ = {isa = PBXBuildFile; fileRef = 9EB276AA1E9D147000BA70EE /* Assets.xcassets */; };
		9EB276AE1E9D147000BA70EE /* LaunchScreen.storyboard in Resources */ = {isa = PBXBuildFile; fileRef = 9EB276AC1E9D147000BA70EE /* LaunchScreen.storyboard */; };
/* End PBXBuildFile section */

/* Begin PBXFileReference section */
		9EB276A01E9D147000BA70EE /* MAPCalculator.app */ = {isa = PBXFileReference; explicitFileType = wrapper.application; includeInIndex = 0; path = MAPCalculator.app; sourceTree = BUILT_PRODUCTS_DIR; };
		9EB276A31E9D147000BA70EE /* AppDelegate.swift */ = {isa = PBXFileReference; lastKnownFileType = sourcecode.swift; path = AppDelegate.swift; sourceTree = "<group>"; };
		9EB276A51E9D147000BA70EE /* ViewController.swift */ = {isa = PBXFileReference; lastKnownFileType = sourcecode.swift; path = ViewController.swift; sourceTree = "<group>"; };
		9EB276A81E9D147000BA70EE /* Base */ = {isa = PBXFileReference; lastKnownFileType = file.storyboard; name = Base; path = Base.lproj/Main.storyboard; sourceTree = "<group>"; };
		9EB276AA1E9D147000BA70EE /* Assets.xcassets */ = {isa = PBXFileReference; lastKnownFileType = folder.assetcatalog; path = Assets.xcassets; sourceTree = "<group>"; };
		9EB276AD1E9D147000BA70EE /* Base */ = {isa = PBXFileReference; lastKnownFileType = file.storyboard; name = Base; path = Base.lproj/LaunchScreen.storyboard; sourceTree = "<group>"; };
		9EB276AF1E9D147000BA70EE /* Info.plist */ = {isa = PBXFileReference; lastKnownFileType = text.plist.xml; path = Info.plist; sourceTree = "<group>"; };
/* End PBXFileReference section */

/* Begin PBXFrameworksBuildPhase section */
		9EB2769D1E9D146F00BA70EE /* Frameworks */ = {
			isa = PBXFrameworksBuildPhase;
			buildActionMask = 2147483647;
			files = (
			);
			runOnlyForDeploymentPostprocessing = 0;
		};
/* End PBXFrameworksBuildPhase section */

/* Begin PBXGroup section */
		9EB276971E9D146F00BA70EE = {
			isa = PBXGroup;
			children = (
				9EB276A21E9D147000BA70EE /* MAPCalculator */,
				9EB276A11E9D147000BA70EE /* Products */,
			);
			sourceTree = "<group>";
		};
		9EB276A11E9D147000BA70EE /* Products */ = {
			isa = PBXGroup;
			children = (
				9EB276A01E9D147000BA70EE /* MAPCalculator.app */,
			);
			name = Products;
			sourceTree = "<group>";
		};
		9EB276A21E9D147000BA70EE /* MAPCalculator */ = {
			isa = PBXGroup;
			children = (
				9EB276A31E9D147000BA70EE /* AppDelegate.swift */,
				9EB276A51E9D147000BA70EE /* ViewController.swift */,
				9EB276A71E9D147000BA70EE /* Main.storyboard */,
				9EB276AA1E9D147000BA70EE /* Assets.xcassets */,
				9EB276AC1E9D147000BA70EE /* LaunchScreen.storyboard */,
				9EB276AF1E9D147000BA70EE /* Info.plist */,
			);
			path = MAPCalculator;
			sourceTree = "<group>";
		};
/* End PBXGroup section */

/* Begin PBXNativeTarget section */
		9EB2769F1E9D146F00BA70EE /* MAPCalculator */ = {
			isa = PBXNativeTarget;
			buildConfigurationList = 9EB276B21E9D147000BA70EE /* Build configuration list for PBXNativeTarget "MAPCalculator" */;
			buildPhases = (
				9EB2769C1E9D146F00BA70EE /* Sources */,
				9EB2769D1E9D146F00BA70EE /* Frameworks */,
				9EB2769E1E9D146F00BA70EE /* Resources */,
			);
			buildRules = (
			);
			dependencies = (
			);
			name = MAPCalculator;
			productName = MAPCalculator;
			productReference = 9EB276A01E9D147000BA70EE /* MAPCalculator.app */;
			productType = "com.apple.product-type.application";
		};
/* End PBXNativeTarget section */

/* Begin PBXProject section */
		9EB276981E9D146F00BA70EE /* Project object */ = {
			isa = PBXProject;
			attributes = {
				LastSwiftUpdateCheck = 0820;
				LastUpgradeCheck = 0820;
				ORGANIZATIONNAME = "Salim Fang";
				TargetAttributes = {
					9EB2769F1E9D146F00BA70EE = {
						CreatedOnToolsVersion = 8.2.1;
						ProvisioningStyle = Automatic;
					};
				};
			};
			buildConfigurationList = 9EB2769B1E9D146F00BA70EE /* Build configuration list for PBXProject "MAPCalculator" */;
			compatibilityVersion = "Xcode 3.2";
			developmentRegion = English;
			hasScannedForEncodings = 0;
			knownRegions = (
				en,
				Base,
			);
			mainGroup = 9EB276971E9D146F00BA70EE;
			productRefGroup = 9EB276A11E9D147000BA70EE /* Products */;
			projectDirPath = "";
			projectRoot = "";
			targets = (
				9EB2769F1E9D146F00BA70EE /* MAPCalculator */,
			);
		};
/* End PBXProject section */

/* Begin PBXResourcesBuildPhase section */
		9EB2769E1E9D146F00BA70EE /* Resources */ = {
			isa = PBXResourcesBuildPhase;
			buildActionMask = 2147483647;
			files = (
				9EB276AE1E9D147000BA70EE /* LaunchScreen.storyboard in Resources */,
				9EB276AB1E9D147000BA70EE /* Assets.xcassets in Resources */,
				9EB276A91E9D147000BA70EE /* Main.storyboard in Resources */,
			);
			runOnlyForDeploymentPostprocessing = 0;
		};
/* End PBXResourcesBuildPhase section */

/* Begin PBXSourcesBuildPhase section */
		9EB2769C1E9D146F00BA70EE /* Sources */ = {
			isa = PBXSourcesBuildPhase;
			buildActionMask = 2147483647;
			files = (
				9EB276A61E9D147000BA70EE /* ViewController.swift in Sources */,
				9EB276A41E9D147000BA70EE /* AppDelegate.swift in Sources */,
			);
			runOnlyForDeploymentPostprocessing = 0;
		};
/* End PBXSourcesBuildPhase section */

/* Begin PBXVariantGroup section */
		9EB276A71E9D147000BA70EE /* Main.storyboard */ = {
			isa = PBXVariantGroup;
			children = (
				9EB276A81E9D147000BA70EE /* Base */,
			);
			name = Main.storyboard;
			sourceTree = "<group>";
		};
		9EB276AC1E9D147000BA70EE /* LaunchScreen.storyboard */ = {
			isa = PBXVariantGroup;
			children = (
				9EB276AD1E9D147000BA70EE /* Base */,
			);
			name = LaunchScreen.storyboard;
			sourceTree = "<group>";
		};
/* End PBXVariantGroup section */

/* Begin XCBuildConfiguration section */
		9EB276B01E9D147000BA70EE /* Debug */ = {
			isa = XCBuildConfiguration;
			buildSettings = {
				ALWAYS_SEARCH_USER_PATHS = NO;
				CLANG_ANALYZER_NONNULL = YES;
				CLANG_CXX_LANGUAGE_STANDARD = "gnu++0x";
				CLANG_CXX_LIBRARY = "libc++";
				CLANG_ENABLE_MODULES = YES;
				CLANG_ENABLE_OBJC_ARC = YES;
				CLANG_WARN_BOOL_CONVERSION = YES;
				CLANG_WARN_CONSTANT_CONVERSION = YES;
				CLANG_WARN_DIRECT_OBJC_ISA_USAGE = YES_ERROR;
				CLANG_WARN_DOCUMENTATION_COMMENTS = YES;
				CLANG_WARN_EMPTY_BODY = YES;
				CLANG_WARN_ENUM_CONVERSION = YES;
				CLANG_WARN_INFINITE_RECURSION = YES;
				CLANG_WARN_INT_CONVERSION = YES;
				CLANG_WARN_OBJC_ROOT_CLASS = YES_ERROR;
				CLANG_WARN_SUSPICIOUS_MOVE = YES;
				CLANG_WARN_UNREACHABLE_CODE = YES;
				CLANG_WARN__DUPLICATE_METHOD_MATCH = YES;
				"CODE_SIGN_IDENTITY[sdk=iphoneos*]" = "iPhone Developer";
				COPY_PHASE_STRIP = NO;
				DEBUG_INFORMATION_FORMAT = dwarf;
				ENABLE_STRICT_OBJC_MSGSEND = YES;
				ENABLE_TESTABILITY = YES;
				GCC_C_LANGUAGE_STANDARD = gnu99;
				GCC_DYNAMIC_NO_PIC = NO;
				GCC_NO_COMMON_BLOCKS = YES;
				GCC_OPTIMIZATION_LEVEL = 0;
				GCC_PREPROCESSOR_DEFINITIONS = (
					"DEBUG=1",
					"$(inherited)",
				);
				GCC_WARN_64_TO_32_BIT_CONVERSION = YES;
				GCC_WARN_ABOUT_RETURN_TYPE = YES_ERROR;
				GCC_WARN_UNDECLARED_SELECTOR = YES;
				GCC_WARN_UNINITIALIZED_AUTOS = YES_AGGRESSIVE;
				GCC_WARN_UNUSED_FUNCTION = YES;
				GCC_WARN_UNUSED_VARIABLE = YES;
				IPHONEOS_DEPLOYMENT_TARGET = 10.2;
				MTL_ENABLE_DEBUG_INFO = YES;
				ONLY_ACTIVE_ARCH = YES;
				SDKROOT = iphoneos;
				SWIFT_ACTIVE_COMPILATION_CONDITIONS = DEBUG;
				SWIFT_OPTIMIZATION_LEVEL = "-Onone";
			};
			name = Debug;
		};
		9EB276B11E9D147000BA70EE /* Release */ = {
			isa = XCBuildConfiguration;
			buildSettings = {
				ALWAYS_SEARCH_USER_PATHS = NO;
				CLANG_ANALYZER_NONNULL = YES;
				CLANG_CXX_LANGUAGE_STANDARD = "gnu++0x";
				CLANG_CXX_LIBRARY = "libc++";
				CLANG_ENABLE_MODULES = YES;
				CLANG_ENABLE_OBJC_ARC = YES;
				CLANG_WARN_BOOL_CONVERSION = YES;
				CLANG_WARN_CONSTANT_CONVERSION = YES;
				CLANG_WARN_DIRECT_OBJC_ISA_USAGE = YES_ERROR;
				CLANG_WARN_DOCUMENTATION_COMMENTS = YES;
				CLANG_WARN_EMPTY_BODY = YES;
				CLANG_WARN_ENUM_CONVERSION = YES;
				CLANG_WARN_INFINITE_RECURSION = YES;
				CLANG_WARN_INT_CONVERSION = YES;
				CLANG_WARN_OBJC_ROOT_CLASS = YES_ERROR;
				CLANG_WARN_SUSPICIOUS_MOVE = YES;
				CLANG_WARN_UNREACHABLE_CODE = YES;
				CLANG_WARN__DUPLICATE_METHOD_MATCH = YES;
				"CODE_SIGN_IDENTITY[sdk=iphoneos*]" = "iPhone Developer";
				COPY_PHASE_STRIP = NO;
				DEBUG_INFORMATION_FORMAT = "dwarf-with-dsym";
				ENABLE_NS_ASSERTIONS = NO;
				ENABLE_STRICT_OBJC_MSGSEND = YES;
				GCC_C_LANGUAGE_STANDARD = gnu99;
				GCC_NO_COMMON_BLOCKS = YES;
				GCC_WARN_64_TO_32_BIT_CONVERSION = YES;
				GCC_WARN_ABOUT_RETURN_TYPE = YES_ERROR;
				GCC_WARN_UNDECLARED_SELECTOR = YES;
				GCC_WARN_UNINITIALIZED_AUTOS = YES_AGGRESSIVE;
				GCC_WARN_UNUSED_FUNCTION = YES;
				GCC_WARN_UNUSED_VARIABLE = YES;
				IPHONEOS_DEPLOYMENT_TARGET = 10.2;
				MTL_ENABLE_DEBUG_INFO = NO;
				SDKROOT = iphoneos;
				SWIFT_OPTIMIZATION_LEVEL = "-Owholemodule";
				VALIDATE_PRODUCT = YES;
			};
			name = Release;
		};
		9EB276B31E9D147000BA70EE /* Debug */ = {
			isa = XCBuildConfiguration;
			buildSettings = {
				ASSETCATALOG_COMPILER_APPICON_NAME = AppIcon;
				INFOPLIST_FILE = MAPCalculator/Info.plist;
				LD_RUNPATH_SEARCH_PATHS = "$(inherited) @executable_path/Frameworks";
				PRODUCT_BUNDLE_IDENTIFIER = SalimFang.MAPCalculator;
				PRODUCT_NAME = "$(TARGET_NAME)";
				SWIFT_VERSION = 3.0;
			};
			name = Debug;
		};
		9EB276B41E9D147000BA70EE /* Release */ = {
			isa = XCBuildConfiguration;
			buildSettings = {
				ASSETCATALOG_COMPILER_APPICON_NAME = AppIcon;
				INFOPLIST_FILE = MAPCalculator/Info.plist;
				LD_RUNPATH_SEARCH_PATHS = "$(inherited) @executable_path/Frameworks";
				PRODUCT_BUNDLE_IDENTIFIER = SalimFang.MAPCalculator;
				PRODUCT_NAME = "$(TARGET_NAME)";
				SWIFT_VERSION = 3.0;
			};
			name = Release;
		};
/* End XCBuildConfiguration section */

/* Begin XCConfigurationList section */
		9EB2769B1E9D146F00BA70EE /* Build configuration list for PBXProject "MAPCalculator" */ = {
			isa = XCConfigurationList;
			buildConfigurations = (
				9EB276B01E9D147000BA70EE /* Debug */,
				9EB276B11E9D147000BA70EE /* Release */,
			);
			defaultConfigurationIsVisible = 0;
			defaultConfigurationName = Release;
		};
		9EB276B21E9D147000BA70EE /* Build configuration list for PBXNativeTarget "MAPCalculator" */ = {
			isa = XCConfigurationList;
			buildConfigurations = (
				9EB276B31E9D147000BA70EE /* Debug */,
				9EB276B41E9D147000BA70EE /* Release */,
			);
			defaultConfigurationIsVisible = 0;
		};
/* End XCConfigurationList section */
	};
	rootObject = 9EB276981E9D146F00BA70EE /* Project object */;
}
